
Microsoft Visual Studio Solution File, Format Version 12.00
# Visual Studio 14
VisualStudioVersion = 14.0.22823.1
MinimumVisualStudioVersion = 10.0.40219.1
Project("{F184B08F-C81C-45F6-A57F-5ABD9991F28F}") = "BanchouPatcher for Windows 1.1", "BanchouPatcher for Windows 1.0\BanchouPatcher for Windows 1.1.vbproj", "{9552293F-4A53-404C-92EC-782E2EB1C3B3}"
EndProject
Global
	GlobalSection(SolutionConfigurationPlatforms) = preSolution
		Debug|x86 = Debug|x86
		Release|x86 = Release|x86
	EndGlobalSection
	GlobalSection(ProjectConfigurationPlatforms) = postSolution
		{9552293F-4A53-404C-92EC-782E2EB1C3B3}.Debug|x86.ActiveCfg = Debug|x86
		{9552293F-4A53-404C-92EC-782E2EB1C3B3}.Debug|x86.Build.0 = Debug|x86
		{9552293F-4A53-404C-92EC-782E2EB1C3B3}.Release|x86.ActiveCfg = Release|x86
		{9552293F-4A53-404C-92EC-782E2EB1C3B3}.Release|x86.Build.0 = Release|x86
	EndGlobalSection
	GlobalSection(SolutionProperties) = preSolution
		HideSolutionNode = FALSE
	EndGlobalSection
EndGlobal
